
Microsoft Visual Studio Solution File, Format Version 12.00
# Visual Studio 14
VisualStudioVersion = 14.0.24720.0
MinimumVisualStudioVersion = 10.0.40219.1
Project("{FAE04EC0-301F-11D3-BF4B-00C04F79EFBC}") = "Peaker", "peaker\Peaker.csproj", "{896CFE5E-6521-4357-9C3F-6937F45274D0}"
EndProject
Project("{FAE04EC0-301F-11D3-BF4B-00C04F79EFBC}") = "SummitJobs", "SummitJobs\SummitJobs.csproj", "{729B3586-1C9E-4EB1-B7B0-8053FD66E422}"
EndProject
Project("{FAE04EC0-301F-11D3-BF4B-00C04F79EFBC}") = "StravaDotNet", "StravaDotNet\StravaDotNet.csproj", "{7ABC1F12-4CDA-4784-9AC1-0A4301FA68D8}"
EndProject
Project("{FAE04EC0-301F-11D3-BF4B-00C04F79EFBC}") = "PeakETL", "PeakETL\PeakETL.csproj", "{22D687DE-16A6-4352-858A-7F2F47C95CD6}"
EndProject
Project("{FAE04EC0-301F-11D3-BF4B-00C04F79EFBC}") = "PeakerModels", "PeakerModels\PeakerModels.csproj", "{2E1452FE-F20D-4A62-8A42-BFA81DF66424}"
EndProject
Global
	GlobalSection(SolutionConfigurationPlatforms) = preSolution
		Debug|Any CPU = Debug|Any CPU
		Release|Any CPU = Release|Any CPU
	EndGlobalSection
	GlobalSection(ProjectConfigurationPlatforms) = postSolution
		{896CFE5E-6521-4357-9C3F-6937F45274D0}.Debug|Any CPU.ActiveCfg = Debug|Any CPU
		{896CFE5E-6521-4357-9C3F-6937F45274D0}.Debug|Any CPU.Build.0 = Debug|Any CPU
		{896CFE5E-6521-4357-9C3F-6937F45274D0}.Release|Any CPU.ActiveCfg = Release|Any CPU
		{896CFE5E-6521-4357-9C3F-6937F45274D0}.Release|Any CPU.Build.0 = Release|Any CPU
		{729B3586-1C9E-4EB1-B7B0-8053FD66E422}.Debug|Any CPU.ActiveCfg = Debug|Any CPU
		{729B3586-1C9E-4EB1-B7B0-8053FD66E422}.Debug|Any CPU.Build.0 = Debug|Any CPU
		{729B3586-1C9E-4EB1-B7B0-8053FD66E422}.Release|Any CPU.ActiveCfg = Release|Any CPU
		{729B3586-1C9E-4EB1-B7B0-8053FD66E422}.Release|Any CPU.Build.0 = Release|Any CPU
		{7ABC1F12-4CDA-4784-9AC1-0A4301FA68D8}.Debug|Any CPU.ActiveCfg = Debug|Any CPU
		{7ABC1F12-4CDA-4784-9AC1-0A4301FA68D8}.Debug|Any CPU.Build.0 = Debug|Any CPU
		{7ABC1F12-4CDA-4784-9AC1-0A4301FA68D8}.Release|Any CPU.ActiveCfg = Release|Any CPU
		{7ABC1F12-4CDA-4784-9AC1-0A4301FA68D8}.Release|Any CPU.Build.0 = Release|Any CPU
		{22D687DE-16A6-4352-858A-7F2F47C95CD6}.Debug|Any CPU.ActiveCfg = Debug|Any CPU
		{22D687DE-16A6-4352-858A-7F2F47C95CD6}.Debug|Any CPU.Build.0 = Debug|Any CPU
		{22D687DE-16A6-4352-858A-7F2F47C95CD6}.Release|Any CPU.ActiveCfg = Release|Any CPU
		{22D687DE-16A6-4352-858A-7F2F47C95CD6}.Release|Any CPU.Build.0 = Release|Any CPU
		{2E1452FE-F20D-4A62-8A42-BFA81DF66424}.Debug|Any CPU.ActiveCfg = Debug|Any CPU
		{2E1452FE-F20D-4A62-8A42-BFA81DF66424}.Debug|Any CPU.Build.0 = Debug|Any CPU
		{2E1452FE-F20D-4A62-8A42-BFA81DF66424}.Release|Any CPU.ActiveCfg = Release|Any CPU
		{2E1452FE-F20D-4A62-8A42-BFA81DF66424}.Release|Any CPU.Build.0 = Release|Any CPU
	EndGlobalSection
	GlobalSection(SolutionProperties) = preSolution
		HideSolutionNode = FALSE
	EndGlobalSection
EndGlobal
